{
  "projects": [
    {
      "projectId": "9Vr5YWkf3w7jj6SsTcCEta",
      "version": "0.13.0",
      "dependencies": {},
      "lang": "js",
      "fileLocks": [
        {
          "assetId": "9Vr5YWkf3w7jj6SsTcCEta",
          "type": "projectCss",
          "checksum": "1c02168c6b23256606111fdfdbb63549"
        }
      ],
      "codegenVersion": "0.0.1"
    },
    {
      "projectId": "jkU633o1Cz7HrJdwdxhVHk",
      "version": "16.13.0",
      "dependencies": {},
      "lang": "js",
      "fileLocks": [
        {
          "assetId": "jkU633o1Cz7HrJdwdxhVHk",
          "type": "projectCss",
          "checksum": "cf57d229ecea50678d9d8d3bc0e3dd9b"
        }
      ],
      "codegenVersion": "0.0.1"
    },
    {
      "projectId": "ohDidvG9XsCeFumugENU3J",
      "version": "6.29.0",
      "dependencies": {},
      "lang": "js",
      "fileLocks": [
        {
          "assetId": "ohDidvG9XsCeFumugENU3J",
          "type": "projectCss",
          "checksum": "ba2a60a163fca4f4d510275088a2be53"
        },
        {
          "assetId": "ohDidvG9XsCeFumugENU3J",
          "checksum": "f9cc098ce5640eefe7d9edb8470a210c",
          "type": "globalContexts"
        }
      ],
      "codegenVersion": "0.0.1"
    },
    {
      "projectId": "arPJ2mTnAS5GNcPYTirhFr",
      "version": "latest",
      "dependencies": {
        "ohDidvG9XsCeFumugENU3J": "6.29.0",
        "jkU633o1Cz7HrJdwdxhVHk": "16.13.0",
        "9Vr5YWkf3w7jj6SsTcCEta": "0.13.0"
      },
      "lang": "js",
      "fileLocks": [
        {
          "type": "globalVariant",
          "assetId": "BlCwlbBNewub",
          "checksum": "c6f435d2611dbc41556a3a8ab05b4ce8"
        },
        {
          "assetId": "arPJ2mTnAS5GNcPYTirhFr",
          "checksum": "7d67ce34faaa9018eaf983bc205871b5",
          "type": "globalContexts"
        },
        {
          "type": "renderModule",
          "assetId": "r7DdHzAofmHi",
          "checksum": "0c623db88cda5b430b74c2bf50470aa1"
        },
        {
          "type": "cssRules",
          "assetId": "r7DdHzAofmHi",
          "checksum": "0c623db88cda5b430b74c2bf50470aa1"
        },
        {
          "type": "renderModule",
          "assetId": "A2ZUyja4uXKy",
          "checksum": "a26772fa4c8e864cfa9247c87fa62981"
        },
        {
          "type": "cssRules",
          "assetId": "A2ZUyja4uXKy",
          "checksum": "a26772fa4c8e864cfa9247c87fa62981"
        },
        {
          "type": "icon",
          "assetId": "DYfJ-YJpU7xY",
          "checksum": "18913076be67c7c9aa7b7a2877c05671"
        },
        {
          "type": "icon",
          "assetId": "coB14TpMMq3s",
          "checksum": "7114c241dc3613bb10eb24e7cee5afa9"
        },
        {
          "type": "image",
          "assetId": "b42i8y1QUU6M",
          "checksum": "a00160d8148389d07381fabebd3571b0"
        },
        {
          "type": "image",
          "assetId": "gZvlKVYXGG60",
          "checksum": "117b835afbc46573ea915e5bfa20b979"
        },
        {
          "assetId": "arPJ2mTnAS5GNcPYTirhFr",
          "type": "projectCss",
          "checksum": "7d1aa7fd0e76ba35dc43988b616e04d1"
        }
      ],
      "codegenVersion": "0.0.1"
    }
  ],
  "cliVersion": "0.1.337"
}
